
Microsoft Visual Studio Solution File, Format Version 12.00
# Visual Studio Version 17
VisualStudioVersion = 17.4.33205.214
MinimumVisualStudioVersion = 10.0.40219.1
Project("{888888A0-9F3D-457C-B088-3A5042F75D52}") = "Tööfailidega_Konjajev", "Tööfailidega_Konjajev\Tööfailidega_Konjajev.pyproj", "{039B7FA2-38A6-420A-AFCF-BA464FCB28AF}"
EndProject
Global
	GlobalSection(SolutionConfigurationPlatforms) = preSolution
		Debug|Any CPU = Debug|Any CPU
		Release|Any CPU = Release|Any CPU
	EndGlobalSection
	GlobalSection(ProjectConfigurationPlatforms) = postSolution
		{039B7FA2-38A6-420A-AFCF-BA464FCB28AF}.Debug|Any CPU.ActiveCfg = Debug|Any CPU
		{039B7FA2-38A6-420A-AFCF-BA464FCB28AF}.Release|Any CPU.ActiveCfg = Release|Any CPU
	EndGlobalSection
	GlobalSection(SolutionProperties) = preSolution
		HideSolutionNode = FALSE
	EndGlobalSection
	GlobalSection(ExtensibilityGlobals) = postSolution
		SolutionGuid = {104767C9-77F8-4233-BF07-2E22EE23D8EB}
	EndGlobalSection
EndGlobal
